// !$*UTF8*$!
{
	archiveVersion = 1;
	classes = {
	};
	objectVersion = 46;
	objects = {

/* Begin PBXBuildFile section */
		3BC0A3251E5E7E7E005B936C /* main.m in Sources */ = {isa = PBXBuildFile; fileRef = 3BC0A3241E5E7E7E005B936C /* main.m */; };
		3BC0A3281E5E7E7E005B936C /* AppDelegate.m in Sources */ = {isa = PBXBuildFile; fileRef = 3BC0A3271E5E7E7E005B936C /* AppDelegate.m */; };
		3BC0A32B1E5E7E7E005B936C /* ViewController.m in Sources */ = {isa = PBXBuildFile; fileRef = 3BC0A32A1E5E7E7E005B936C /* ViewController.m */; };
		3BC0A32E1E5E7E7E005B936C /* Main.storyboard in Resources */ = {isa = PBXBuildFile; fileRef = 3BC0A32C1E5E7E7E005B936C /* Main.storyboard */; };
		3BC0A3301E5E7E7E005B936C /* Assets.xcassets in Resources */ = {isa = PBXBuildFile; fileRef = 3BC0A32F1E5E7E7E005B936C /* Assets.xcassets */; };
		3BC0A3331E5E7E7E005B936C /* LaunchScreen.storyboard in Resources */ = {isa = PBXBuildFile; fileRef = 3BC0A3311E5E7E7E005B936C /* LaunchScreen.storyboard */; };
		3BC0A33E1E5E7E7E005B936C /* AlertListViewUITests.m in Sources */ = {isa = PBXBuildFile; fileRef = 3BC0A33D1E5E7E7E005B936C /* AlertListViewUITests.m */; };
		3BC0A34A1E5E7E9D005B936C /* AGAlertListView.m in Sources */ = {isa = PBXBuildFile; fileRef = 3BC0A3491E5E7E9D005B936C /* AGAlertListView.m */; };
/* End PBXBuildFile section */

/* Begin PBXContainerItemProxy section */
		3BC0A33A1E5E7E7E005B936C /* PBXContainerItemProxy */ = {
			isa = PBXContainerItemProxy;
			containerPortal = 3BC0A3181E5E7E7E005B936C /* Project object */;
			proxyType = 1;
			remoteGlobalIDString = 3BC0A31F1E5E7E7E005B936C;
			remoteInfo = AlertListView;
		};
/* End PBXContainerItemProxy section */

/* Begin PBXFileReference section */
		3BC0A3201E5E7E7E005B936C /* AlertListView.app */ = {isa = PBXFileReference; explicitFileType = wrapper.application; includeInIndex = 0; path = AlertListView.app; sourceTree = BUILT_PRODUCTS_DIR; };
		3BC0A3241E5E7E7E005B936C /* main.m */ = {isa = PBXFileReference; lastKnownFileType = sourcecode.c.objc; path = main.m; sourceTree = "<group>"; };
		3BC0A3261E5E7E7E005B936C /* AppDelegate.h */ = {isa = PBXFileReference; lastKnownFileType = sourcecode.c.h; path = AppDelegate.h; sourceTree = "<group>"; };
		3BC0A3271E5E7E7E005B936C /* AppDelegate.m */ = {isa = PBXFileReference; lastKnownFileType = sourcecode.c.objc; path = AppDelegate.m; sourceTree = "<group>"; };
		3BC0A3291E5E7E7E005B936C /* ViewController.h */ = {isa = PBXFileReference; lastKnownFileType = sourcecode.c.h; path = ViewController.h; sourceTree = "<group>"; };
		3BC0A32A1E5E7E7E005B936C /* ViewController.m */ = {isa = PBXFileReference; lastKnownFileType = sourcecode.c.objc; path = ViewController.m; sourceTree = "<group>"; };
		3BC0A32D1E5E7E7E005B936C /* Base */ = {isa = PBXFileReference; lastKnownFileType = file.storyboard; name = Base; path = Base.lproj/Main.storyboard; sourceTree = "<group>"; };
		3BC0A32F1E5E7E7E005B936C /* Assets.xcassets */ = {isa = PBXFileReference; lastKnownFileType = folder.assetcatalog; path = Assets.xcassets; sourceTree = "<group>"; };
		3BC0A3321E5E7E7E005B936C /* Base */ = {isa = PBXFileReference; lastKnownFileType = file.storyboard; name = Base; path = Base.lproj/LaunchScreen.storyboard; sourceTree = "<group>"; };
		3BC0A3341E5E7E7E005B936C /* Info.plist */ = {isa = PBXFileReference; lastKnownFileType = text.plist.xml; path = Info.plist; sourceTree = "<group>"; };
		3BC0A3391E5E7E7E005B936C /* AlertListViewUITests.xctest */ = {isa = PBXFileReference; explicitFileType = wrapper.cfbundle; includeInIndex = 0; path = AlertListViewUITests.xctest; sourceTree = BUILT_PRODUCTS_DIR; };
		3BC0A33D1E5E7E7E005B936C /* AlertListViewUITests.m */ = {isa = PBXFileReference; lastKnownFileType = sourcecode.c.objc; path = AlertListViewUITests.m; sourceTree = "<group>"; };
		3BC0A33F1E5E7E7E005B936C /* Info.plist */ = {isa = PBXFileReference; lastKnownFileType = text.plist.xml; path = Info.plist; sourceTree = "<group>"; };
		3BC0A3481E5E7E9D005B936C /* AGAlertListView.h */ = {isa = PBXFileReference; fileEncoding = 4; lastKnownFileType = sourcecode.c.h; path = AGAlertListView.h; sourceTree = "<group>"; };
		3BC0A3491E5E7E9D005B936C /* AGAlertListView.m */ = {isa = PBXFileReference; fileEncoding = 4; lastKnownFileType = sourcecode.c.objc; path = AGAlertListView.m; sourceTree = "<group>"; };
/* End PBXFileReference section */

/* Begin PBXFrameworksBuildPhase section */
		3BC0A31D1E5E7E7E005B936C /* Frameworks */ = {
			isa = PBXFrameworksBuildPhase;
			buildActionMask = 2147483647;
			files = (
			);
			runOnlyForDeploymentPostprocessing = 0;
		};
		3BC0A3361E5E7E7E005B936C /* Frameworks */ = {
			isa = PBXFrameworksBuildPhase;
			buildActionMask = 2147483647;
			files = (
			);
			runOnlyForDeploymentPostprocessing = 0;
		};
/* End PBXFrameworksBuildPhase section */

/* Begin PBXGroup section */
		3BC0A3171E5E7E7E005B936C = {
			isa = PBXGroup;
			children = (
				3BC0A3221E5E7E7E005B936C /* AlertListView */,
				3BC0A33C1E5E7E7E005B936C /* AlertListViewUITests */,
				3BC0A3211E5E7E7E005B936C /* Products */,
			);
			sourceTree = "<group>";
		};
		3BC0A3211E5E7E7E005B936C /* Products */ = {
			isa = PBXGroup;
			children = (
				3BC0A3201E5E7E7E005B936C /* AlertListView.app */,
				3BC0A3391E5E7E7E005B936C /* AlertListViewUITests.xctest */,
			);
			name = Products;
			sourceTree = "<group>";
		};
		3BC0A3221E5E7E7E005B936C /* AlertListView */ = {
			isa = PBXGroup;
			children = (
				3BC0A3261E5E7E7E005B936C /* AppDelegate.h */,
				3BC0A3271E5E7E7E005B936C /* AppDelegate.m */,
				3BC0A3291E5E7E7E005B936C /* ViewController.h */,
				3BC0A32A1E5E7E7E005B936C /* ViewController.m */,
				3BC0A32C1E5E7E7E005B936C /* Main.storyboard */,
				3BC0A32F1E5E7E7E005B936C /* Assets.xcassets */,
				3BC0A3311E5E7E7E005B936C /* LaunchScreen.storyboard */,
				3BC0A3341E5E7E7E005B936C /* Info.plist */,
				3BC0A3231E5E7E7E005B936C /* Supporting Files */,
				3BC0A3481E5E7E9D005B936C /* AGAlertListView.h */,
				3BC0A3491E5E7E9D005B936C /* AGAlertListView.m */,
			);
			path = AlertListView;
			sourceTree = "<group>";
		};
		3BC0A3231E5E7E7E005B936C /* Supporting Files */ = {
			isa = PBXGroup;
			children = (
				3BC0A3241E5E7E7E005B936C /* main.m */,
			);
			name = "Supporting Files";
			sourceTree = "<group>";
		};
		3BC0A33C1E5E7E7E005B936C /* AlertListViewUITests */ = {
			isa = PBXGroup;
			children = (
				3BC0A33D1E5E7E7E005B936C /* AlertListViewUITests.m */,
				3BC0A33F1E5E7E7E005B936C /* Info.plist */,
			);
			path = AlertListViewUITests;
			sourceTree = "<group>";
		};
/* End PBXGroup section */

/* Begin PBXNativeTarget section */
		3BC0A31F1E5E7E7E005B936C /* AlertListView */ = {
			isa = PBXNativeTarget;
			buildConfigurationList = 3BC0A3421E5E7E7E005B936C /* Build configuration list for PBXNativeTarget "AlertListView" */;
			buildPhases = (
				3BC0A31C1E5E7E7E005B936C /* Sources */,
				3BC0A31D1E5E7E7E005B936C /* Frameworks */,
				3BC0A31E1E5E7E7E005B936C /* Resources */,
			);
			buildRules = (
			);
			dependencies = (
			);
			name = AlertListView;
			productName = AlertListView;
			productReference = 3BC0A3201E5E7E7E005B936C /* AlertListView.app */;
			productType = "com.apple.product-type.application";
		};
		3BC0A3381E5E7E7E005B936C /* AlertListViewUITests */ = {
			isa = PBXNativeTarget;
			buildConfigurationList = 3BC0A3451E5E7E7E005B936C /* Build configuration list for PBXNativeTarget "AlertListViewUITests" */;
			buildPhases = (
				3BC0A3351E5E7E7E005B936C /* Sources */,
				3BC0A3361E5E7E7E005B936C /* Frameworks */,
				3BC0A3371E5E7E7E005B936C /* Resources */,
			);
			buildRules = (
			);
			dependencies = (
				3BC0A33B1E5E7E7E005B936C /* PBXTargetDependency */,
			);
			name = AlertListViewUITests;
			productName = AlertListViewUITests;
			productReference = 3BC0A3391E5E7E7E005B936C /* AlertListViewUITests.xctest */;
			productType = "com.apple.product-type.bundle.ui-testing";
		};
/* End PBXNativeTarget section */

/* Begin PBXProject section */
		3BC0A3181E5E7E7E005B936C /* Project object */ = {
			isa = PBXProject;
			attributes = {
				LastUpgradeCheck = 0820;
				ORGANIZATIONNAME = Angelo;
				TargetAttributes = {
					3BC0A31F1E5E7E7E005B936C = {
						CreatedOnToolsVersion = 8.2.1;
						DevelopmentTeam = DE9CE48EXH;
						ProvisioningStyle = Automatic;
					};
					3BC0A3381E5E7E7E005B936C = {
						CreatedOnToolsVersion = 8.2.1;
						DevelopmentTeam = DE9CE48EXH;
						ProvisioningStyle = Automatic;
						TestTargetID = 3BC0A31F1E5E7E7E005B936C;
					};
				};
			};
			buildConfigurationList = 3BC0A31B1E5E7E7E005B936C /* Build configuration list for PBXProject "AlertListView" */;
			compatibilityVersion = "Xcode 3.2";
			developmentRegion = English;
			hasScannedForEncodings = 0;
			knownRegions = (
				en,
				Base,
			);
			mainGroup = 3BC0A3171E5E7E7E005B936C;
			productRefGroup = 3BC0A3211E5E7E7E005B936C /* Products */;
			projectDirPath = "";
			projectRoot = "";
			targets = (
				3BC0A31F1E5E7E7E005B936C /* AlertListView */,
				3BC0A3381E5E7E7E005B936C /* AlertListViewUITests */,
			);
		};
/* End PBXProject section */

/* Begin PBXResourcesBuildPhase section */
		3BC0A31E1E5E7E7E005B936C /* Resources */ = {
			isa = PBXResourcesBuildPhase;
			buildActionMask = 2147483647;
			files = (
				3BC0A3331E5E7E7E005B936C /* LaunchScreen.storyboard in Resources */,
				3BC0A3301E5E7E7E005B936C /* Assets.xcassets in Resources */,
				3BC0A32E1E5E7E7E005B936C /* Main.storyboard in Resources */,
			);
			runOnlyForDeploymentPostprocessing = 0;
		};
		3BC0A3371E5E7E7E005B936C /* Resources */ = {
			isa = PBXResourcesBuildPhase;
			buildActionMask = 2147483647;
			files = (
			);
			runOnlyForDeploymentPostprocessing = 0;
		};
/* End PBXResourcesBuildPhase section */

/* Begin PBXSourcesBuildPhase section */
		3BC0A31C1E5E7E7E005B936C /* Sources */ = {
			isa = PBXSourcesBuildPhase;
			buildActionMask = 2147483647;
			files = (
				3BC0A32B1E5E7E7E005B936C /* ViewController.m in Sources */,
				3BC0A3281E5E7E7E005B936C /* AppDelegate.m in Sources */,
				3BC0A3251E5E7E7E005B936C /* main.m in Sources */,
				3BC0A34A1E5E7E9D005B936C /* AGAlertListView.m in Sources */,
			);
			runOnlyForDeploymentPostprocessing = 0;
		};
		3BC0A3351E5E7E7E005B936C /* Sources */ = {
			isa = PBXSourcesBuildPhase;
			buildActionMask = 2147483647;
			files = (
				3BC0A33E1E5E7E7E005B936C /* AlertListViewUITests.m in Sources */,
			);
			runOnlyForDeploymentPostprocessing = 0;
		};
/* End PBXSourcesBuildPhase section */

/* Begin PBXTargetDependency section */
		3BC0A33B1E5E7E7E005B936C /* PBXTargetDependency */ = {
			isa = PBXTargetDependency;
			target = 3BC0A31F1E5E7E7E005B936C /* AlertListView */;
			targetProxy = 3BC0A33A1E5E7E7E005B936C /* PBXContainerItemProxy */;
		};
/* End PBXTargetDependency section */

/* Begin PBXVariantGroup section */
		3BC0A32C1E5E7E7E005B936C /* Main.storyboard */ = {
			isa = PBXVariantGroup;
			children = (
				3BC0A32D1E5E7E7E005B936C /* Base */,
			);
			name = Main.storyboard;
			sourceTree = "<group>";
		};
		3BC0A3311E5E7E7E005B936C /* LaunchScreen.storyboard */ = {
			isa = PBXVariantGroup;
			children = (
				3BC0A3321E5E7E7E005B936C /* Base */,
			);
			name = LaunchScreen.storyboard;
			sourceTree = "<group>";
		};
/* End PBXVariantGroup section */

/* Begin XCBuildConfiguration section */
		3BC0A3401E5E7E7E005B936C /* Debug */ = {
			isa = XCBuildConfiguration;
			buildSettings = {
				ALWAYS_SEARCH_USER_PATHS = NO;
				CLANG_ANALYZER_NONNULL = YES;
				CLANG_CXX_LANGUAGE_STANDARD = "gnu++0x";
				CLANG_CXX_LIBRARY = "libc++";
				CLANG_ENABLE_MODULES = YES;
				CLANG_ENABLE_OBJC_ARC = YES;
				CLANG_WARN_BOOL_CONVERSION = YES;
				CLANG_WARN_CONSTANT_CONVERSION = YES;
				CLANG_WARN_DIRECT_OBJC_ISA_USAGE = YES_ERROR;
				CLANG_WARN_DOCUMENTATION_COMMENTS = YES;
				CLANG_WARN_EMPTY_BODY = YES;
				CLANG_WARN_ENUM_CONVERSION = YES;
				CLANG_WARN_INFINITE_RECURSION = YES;
				CLANG_WARN_INT_CONVERSION = YES;
				CLANG_WARN_OBJC_ROOT_CLASS = YES_ERROR;
				CLANG_WARN_SUSPICIOUS_MOVE = YES;
				CLANG_WARN_UNREACHABLE_CODE = YES;
				CLANG_WARN__DUPLICATE_METHOD_MATCH = YES;
				"CODE_SIGN_IDENTITY[sdk=iphoneos*]" = "iPhone Developer";
				COPY_PHASE_STRIP = NO;
				DEBUG_INFORMATION_FORMAT = dwarf;
				ENABLE_STRICT_OBJC_MSGSEND = YES;
				ENABLE_TESTABILITY = YES;
				GCC_C_LANGUAGE_STANDARD = gnu99;
				GCC_DYNAMIC_NO_PIC = NO;
				GCC_NO_COMMON_BLOCKS = YES;
				GCC_OPTIMIZATION_LEVEL = 0;
				GCC_PREPROCESSOR_DEFINITIONS = (
					"DEBUG=1",
					"$(inherited)",
				);
				GCC_WARN_64_TO_32_BIT_CONVERSION = YES;
				GCC_WARN_ABOUT_RETURN_TYPE = YES_ERROR;
				GCC_WARN_UNDECLARED_SELECTOR = YES;
				GCC_WARN_UNINITIALIZED_AUTOS = YES_AGGRESSIVE;
				GCC_WARN_UNUSED_FUNCTION = YES;
				GCC_WARN_UNUSED_VARIABLE = YES;
				IPHONEOS_DEPLOYMENT_TARGET = 10.2;
				MTL_ENABLE_DEBUG_INFO = YES;
				ONLY_ACTIVE_ARCH = YES;
				SDKROOT = iphoneos;
			};
			name = Debug;
		};
		3BC0A3411E5E7E7E005B936C /* Release */ = {
			isa = XCBuildConfiguration;
			buildSettings = {
				ALWAYS_SEARCH_USER_PATHS = NO;
				CLANG_ANALYZER_NONNULL = YES;
				CLANG_CXX_LANGUAGE_STANDARD = "gnu++0x";
				CLANG_CXX_LIBRARY = "libc++";
				CLANG_ENABLE_MODULES = YES;
				CLANG_ENABLE_OBJC_ARC = YES;
				CLANG_WARN_BOOL_CONVERSION = YES;
				CLANG_WARN_CONSTANT_CONVERSION = YES;
				CLANG_WARN_DIRECT_OBJC_ISA_USAGE = YES_ERROR;
				CLANG_WARN_DOCUMENTATION_COMMENTS = YES;
				CLANG_WARN_EMPTY_BODY = YES;
				CLANG_WARN_ENUM_CONVERSION = YES;
				CLANG_WARN_INFINITE_RECURSION = YES;
				CLANG_WARN_INT_CONVERSION = YES;
				CLANG_WARN_OBJC_ROOT_CLASS = YES_ERROR;
				CLANG_WARN_SUSPICIOUS_MOVE = YES;
				CLANG_WARN_UNREACHABLE_CODE = YES;
				CLANG_WARN__DUPLICATE_METHOD_MATCH = YES;
				"CODE_SIGN_IDENTITY[sdk=iphoneos*]" = "iPhone Developer";
				COPY_PHASE_STRIP = NO;
				DEBUG_INFORMATION_FORMAT = "dwarf-with-dsym";
				ENABLE_NS_ASSERTIONS = NO;
				ENABLE_STRICT_OBJC_MSGSEND = YES;
				GCC_C_LANGUAGE_STANDARD = gnu99;
				GCC_NO_COMMON_BLOCKS = YES;
				GCC_WARN_64_TO_32_BIT_CONVERSION = YES;
				GCC_WARN_ABOUT_RETURN_TYPE = YES_ERROR;
				GCC_WARN_UNDECLARED_SELECTOR = YES;
				GCC_WARN_UNINITIALIZED_AUTOS = YES_AGGRESSIVE;
				GCC_WARN_UNUSED_FUNCTION = YES;
				GCC_WARN_UNUSED_VARIABLE = YES;
				IPHONEOS_DEPLOYMENT_TARGET = 10.2;
				MTL_ENABLE_DEBUG_INFO = NO;
				SDKROOT = iphoneos;
				VALIDATE_PRODUCT = YES;
			};
			name = Release;
		};
		3BC0A3431E5E7E7E005B936C /* Debug */ = {
			isa = XCBuildConfiguration;
			buildSettings = {
				ASSETCATALOG_COMPILER_APPICON_NAME = AppIcon;
				DEVELOPMENT_TEAM = DE9CE48EXH;
				INFOPLIST_FILE = AlertListView/Info.plist;
				LD_RUNPATH_SEARCH_PATHS = "$(inherited) @executable_path/Frameworks";
				PRODUCT_BUNDLE_IDENTIFIER = ag.AlertListView;
				PRODUCT_NAME = "$(TARGET_NAME)";
			};
			name = Debug;
		};
		3BC0A3441E5E7E7E005B936C /* Release */ = {
			isa = XCBuildConfiguration;
			buildSettings = {
				ASSETCATALOG_COMPILER_APPICON_NAME = AppIcon;
				DEVELOPMENT_TEAM = DE9CE48EXH;
				INFOPLIST_FILE = AlertListView/Info.plist;
				LD_RUNPATH_SEARCH_PATHS = "$(inherited) @executable_path/Frameworks";
				PRODUCT_BUNDLE_IDENTIFIER = ag.AlertListView;
				PRODUCT_NAME = "$(TARGET_NAME)";
			};
			name = Release;
		};
		3BC0A3461E5E7E7E005B936C /* Debug */ = {
			isa = XCBuildConfiguration;
			buildSettings = {
				DEVELOPMENT_TEAM = DE9CE48EXH;
				INFOPLIST_FILE = AlertListViewUITests/Info.plist;
				LD_RUNPATH_SEARCH_PATHS = "$(inherited) @executable_path/Frameworks @loader_path/Frameworks";
				PRODUCT_BUNDLE_IDENTIFIER = ag.AlertListViewUITests;
				PRODUCT_NAME = "$(TARGET_NAME)";
				TEST_TARGET_NAME = AlertListView;
			};
			name = Debug;
		};
		3BC0A3471E5E7E7E005B936C /* Release */ = {
			isa = XCBuildConfiguration;
			buildSettings = {
				DEVELOPMENT_TEAM = DE9CE48EXH;
				INFOPLIST_FILE = AlertListViewUITests/Info.plist;
				LD_RUNPATH_SEARCH_PATHS = "$(inherited) @executable_path/Frameworks @loader_path/Frameworks";
				PRODUCT_BUNDLE_IDENTIFIER = ag.AlertListViewUITests;
				PRODUCT_NAME = "$(TARGET_NAME)";
				TEST_TARGET_NAME = AlertListView;
			};
			name = Release;
		};
/* End XCBuildConfiguration section */

/* Begin XCConfigurationList section */
		3BC0A31B1E5E7E7E005B936C /* Build configuration list for PBXProject "AlertListView" */ = {
			isa = XCConfigurationList;
			buildConfigurations = (
				3BC0A3401E5E7E7E005B936C /* Debug */,
				3BC0A3411E5E7E7E005B936C /* Release */,
			);
			defaultConfigurationIsVisible = 0;
			defaultConfigurationName = Release;
		};
		3BC0A3421E5E7E7E005B936C /* Build configuration list for PBXNativeTarget "AlertListView" */ = {
			isa = XCConfigurationList;
			buildConfigurations = (
				3BC0A3431E5E7E7E005B936C /* Debug */,
				3BC0A3441E5E7E7E005B936C /* Release */,
			);
			defaultConfigurationIsVisible = 0;
		};
		3BC0A3451E5E7E7E005B936C /* Build configuration list for PBXNativeTarget "AlertListViewUITests" */ = {
			isa = XCConfigurationList;
			buildConfigurations = (
				3BC0A3461E5E7E7E005B936C /* Debug */,
				3BC0A3471E5E7E7E005B936C /* Release */,
			);
			defaultConfigurationIsVisible = 0;
		};
/* End XCConfigurationList section */
	};
	rootObject = 3BC0A3181E5E7E7E005B936C /* Project object */;
}
